github.com/Rabish1979/workspace/btree v0.0.0-20240727054633-d7e41c558a6c h1:HUweK6Z3XuVK77Qn6g8WyptUFuAqo9QLxATIbj4zPio=
github.com/Rabish1979/workspace/btree v0.0.0-20240727054633-d7e41c558a6c/go.mod h1:xL78t5eLbqSZoiex6bpboXd3AEkedqNp+V++eEVvEH4=
github.com/Rabish1979/workspace/linklist v0.0.0-20240727041122-792927d10ccd h1:t6z1FIxioVH7JUco4H6K0GiH3N7JYsbagEIWXJ5Dwe0=
github.com/Rabish1979/workspace/linklist v0.0.0-20240727041122-792927d10ccd/go.mod h1:6EZt4rm5vGMuz/1LhISC8f4nDblALQw0JpKSCpAfyXg=
